
Microsoft Visual Studio Solution File, Format Version 12.00
# Visual Studio 15
VisualStudioVersion = 15.0.27130.2024
MinimumVisualStudioVersion = 10.0.40219.1
Project("{8BC9CEB8-8B4A-11D0-8D11-00A0C91BC942}") = "AnimationWeek1", "AnimationWeek1\AnimationWeek1.vcxproj", "{4E8E82C6-F777-4404-A23F-91AC8FA99BE6}"
EndProject
Global
	GlobalSection(SolutionConfigurationPlatforms) = preSolution
		Debug|x64 = Debug|x64
		Debug|x86 = Debug|x86
		Release|x64 = Release|x64
		Release|x86 = Release|x86
	EndGlobalSection
	GlobalSection(ProjectConfigurationPlatforms) = postSolution
		{4E8E82C6-F777-4404-A23F-91AC8FA99BE6}.Debug|x64.ActiveCfg = Debug|x64
		{4E8E82C6-F777-4404-A23F-91AC8FA99BE6}.Debug|x64.Build.0 = Debug|x64
		{4E8E82C6-F777-4404-A23F-91AC8FA99BE6}.Debug|x86.ActiveCfg = Debug|Win32
		{4E8E82C6-F777-4404-A23F-91AC8FA99BE6}.Debug|x86.Build.0 = Debug|Win32
		{4E8E82C6-F777-4404-A23F-91AC8FA99BE6}.Release|x64.ActiveCfg = Release|x64
		{4E8E82C6-F777-4404-A23F-91AC8FA99BE6}.Release|x64.Build.0 = Release|x64
		{4E8E82C6-F777-4404-A23F-91AC8FA99BE6}.Release|x86.ActiveCfg = Release|Win32
		{4E8E82C6-F777-4404-A23F-91AC8FA99BE6}.Release|x86.Build.0 = Release|Win32
	EndGlobalSection
	GlobalSection(SolutionProperties) = preSolution
		HideSolutionNode = FALSE
	EndGlobalSection
	GlobalSection(ExtensibilityGlobals) = postSolution
		SolutionGuid = {057D23BF-84F0-481D-A7D5-01DE8B0BF6A5}
	EndGlobalSection
EndGlobal
